
Microsoft Visual Studio Solution File, Format Version 12.00
# Blend for Visual Studio Version 17
VisualStudioVersion = 17.3.32922.545
MinimumVisualStudioVersion = 10.0.40219.1
Project("{FAE04EC0-301F-11D3-BF4B-00C04F79EFBC}") = "JustHave.Simplicity", "JustHave.Simplicity\JustHave.Simplicity.csproj", "{110AB077-8679-4606-82CB-2923FAA3F91A}"
EndProject
Global
	GlobalSection(SolutionConfigurationPlatforms) = preSolution
		Debug|Any CPU = Debug|Any CPU
		Release|Any CPU = Release|Any CPU
	EndGlobalSection
	GlobalSection(ProjectConfigurationPlatforms) = postSolution
		{110AB077-8679-4606-82CB-2923FAA3F91A}.Debug|Any CPU.ActiveCfg = Debug|Any CPU
		{110AB077-8679-4606-82CB-2923FAA3F91A}.Debug|Any CPU.Build.0 = Debug|Any CPU
		{110AB077-8679-4606-82CB-2923FAA3F91A}.Release|Any CPU.ActiveCfg = Release|Any CPU
		{110AB077-8679-4606-82CB-2923FAA3F91A}.Release|Any CPU.Build.0 = Release|Any CPU
	EndGlobalSection
	GlobalSection(SolutionProperties) = preSolution
		HideSolutionNode = FALSE
	EndGlobalSection
	GlobalSection(ExtensibilityGlobals) = postSolution
		SolutionGuid = {F2D2CC16-9AD4-44EA-A426-57C410332A23}
	EndGlobalSection
EndGlobal
